{
  "originHash" : "479ced80a87456841c04cfc4629769e4554b6d2eaa01bd19617b448de96e2c3c",
  "pins" : [
    {
      "identity" : "lottie-spm",
      "kind" : "remoteSourceControl",
      "location" : "https://github.com/airbnb/lottie-spm",
      "state" : {
        "revision" : "69faaefa7721fba9e434a52c16adf4329c9084db",
        "version" : "4.6.0"
      }
    },
    {
      "identity" : "sparkle",
      "kind" : "remoteSourceControl",
      "location" : "https://github.com/sparkle-project/Sparkle",
      "state" : {
        "revision" : "d46d456107feacc80711b21847b82b07bd9fb46e",
        "version" : "2.9.3"
      }
    }
  ],
  "version" : 3
}
